// !$*UTF8*$!
{
	archiveVersion = 1;
	classes = {
	};
	objectVersion = 63;
	objects = {

/* Begin PBXBuildFile section */
		039A564D39FDA29ACEC239E0 /* CodeViewer.swift in Sources */ = {isa = PBXBuildFile; fileRef = 7800E4020D4FB4D90CF1ED02 /* CodeViewer.swift */; };
		04946482ACC7800FC2603065 /* ConcurrencyWorkshopApp.swift in Sources */ = {isa = PBXBuildFile; fileRef = 667287578B31AC501787FE3D /* ConcurrencyWorkshopApp.swift */; };
		0C93115DDC46A4726CAA9F16 /* AsyncStreamContent.swift in Sources */ = {isa = PBXBuildFile; fileRef = E53779F7CD0ACC170B09E3C5 /* AsyncStreamContent.swift */; };
		114923C9E1BF5E70ED23FF84 /* TransformingStreamsContent.swift in Sources */ = {isa = PBXBuildFile; fileRef = 20F2AE3BFBB71F6442AABF49 /* TransformingStreamsContent.swift */; };
		34AAF4698F62CEB3B084ED55 /* MainActorPatternsContent.swift in Sources */ = {isa = PBXBuildFile; fileRef = 363126520569C58AC79B4AE2 /* MainActorPatternsContent.swift */; };
		3C978B95400E92B99DB393F4 /* CombiningPublishersContent.swift in Sources */ = {isa = PBXBuildFile; fileRef = BCF1AB5E45123B2B8C58B3DE /* CombiningPublishersContent.swift */; };
		516EA67103629748AFB8598E /* AsyncStreamView.swift in Sources */ = {isa = PBXBuildFile; fileRef = 7B41E0ED7F09C32A26A6AB62 /* AsyncStreamView.swift */; };
		555CED0CC7F3CD6850C48E77 /* BridgingDelegatesContent.swift in Sources */ = {isa = PBXBuildFile; fileRef = F3292B09E13435DC100A8E0C /* BridgingDelegatesContent.swift */; };
		6BB4DD84602450EBC1D51EBC /* Assets.xcassets in Resources */ = {isa = PBXBuildFile; fileRef = 153E464380EBE11FD464FB8E /* Assets.xcassets */; };
		6C7E441C4D597A7F450D149A /* CombiningPublishersView.swift in Sources */ = {isa = PBXBuildFile; fileRef = 638AF248BA1223CD912EB9D4 /* CombiningPublishersView.swift */; };
		75094EB1716B021995928DAE /* BridgingDelegatesView.swift in Sources */ = {isa = PBXBuildFile; fileRef = 00E036D8916A31517E6A8F61 /* BridgingDelegatesView.swift */; };
		76969F91A14028FFF2853BB1 /* ContinuationsContent.swift in Sources */ = {isa = PBXBuildFile; fileRef = 6E77177E7ED53565AF55E3E8 /* ContinuationsContent.swift */; };
		76F3B16025BD6A6E84FA7E2E /* SendableView.swift in Sources */ = {isa = PBXBuildFile; fileRef = 62B054EACE9A1BC407CBA193 /* SendableView.swift */; };
		78360DD0E9BC6D8C5D825098 /* MainActorPatternsView.swift in Sources */ = {isa = PBXBuildFile; fileRef = 30228AABDFA5B71DAE57F23C /* MainActorPatternsView.swift */; };
		7EED300B6B1C7876660E6B01 /* ConsumingAsyncSequenceContent.swift in Sources */ = {isa = PBXBuildFile; fileRef = 0609FB91224AFF92A5A97838 /* ConsumingAsyncSequenceContent.swift */; };
		AA1BF44987CC1654E969B00C /* TransformingStreamsView.swift in Sources */ = {isa = PBXBuildFile; fileRef = EA0458E7C890CF98328C5EAF /* TransformingStreamsView.swift */; };
		AE23AEE49E0FB4594B94A958 /* ContentView.swift in Sources */ = {isa = PBXBuildFile; fileRef = AFA00ED2C4B9888FE29D072F /* ContentView.swift */; };
		C7B4E2DC83EB05F453BB95FC /* ExerciseTabView.swift in Sources */ = {isa = PBXBuildFile; fileRef = 3A4F3B5E369AA9FC39C2105B /* ExerciseTabView.swift */; };
		CC7DC6ED3D652C4A03A38D44 /* ContinuationsView.swift in Sources */ = {isa = PBXBuildFile; fileRef = CF5B65A39DB4D7BD4EE629A7 /* ContinuationsView.swift */; };
		EAF78D61E3A86629DA08135F /* SendableContent.swift in Sources */ = {isa = PBXBuildFile; fileRef = DDA66194364149D8DFEF06B8 /* SendableContent.swift */; };
		ED4E83DF4948E8ADCBB2D8B2 /* QASection.swift in Sources */ = {isa = PBXBuildFile; fileRef = 6097936B494F3DA281389029 /* QASection.swift */; };
		FF57902128C050E84415F205 /* ConsumingAsyncSequenceView.swift in Sources */ = {isa = PBXBuildFile; fileRef = 048AF161B74874A10D4B4B3D /* ConsumingAsyncSequenceView.swift */; };
/* End PBXBuildFile section */

/* Begin PBXFileReference section */
		00E036D8916A31517E6A8F61 /* BridgingDelegatesView.swift */ = {isa = PBXFileReference; lastKnownFileType = sourcecode.swift; path = BridgingDelegatesView.swift; sourceTree = "<group>"; };
		048AF161B74874A10D4B4B3D /* ConsumingAsyncSequenceView.swift */ = {isa = PBXFileReference; lastKnownFileType = sourcecode.swift; path = ConsumingAsyncSequenceView.swift; sourceTree = "<group>"; };
		0609FB91224AFF92A5A97838 /* ConsumingAsyncSequenceContent.swift */ = {isa = PBXFileReference; lastKnownFileType = sourcecode.swift; path = ConsumingAsyncSequenceContent.swift; sourceTree = "<group>"; };
		153E464380EBE11FD464FB8E /* Assets.xcassets */ = {isa = PBXFileReference; lastKnownFileType = folder.assetcatalog; path = Assets.xcassets; sourceTree = "<group>"; };
		20F2AE3BFBB71F6442AABF49 /* TransformingStreamsContent.swift */ = {isa = PBXFileReference; lastKnownFileType = sourcecode.swift; path = TransformingStreamsContent.swift; sourceTree = "<group>"; };
		30228AABDFA5B71DAE57F23C /* MainActorPatternsView.swift */ = {isa = PBXFileReference; lastKnownFileType = sourcecode.swift; path = MainActorPatternsView.swift; sourceTree = "<group>"; };
		363126520569C58AC79B4AE2 /* MainActorPatternsContent.swift */ = {isa = PBXFileReference; lastKnownFileType = sourcecode.swift; path = MainActorPatternsContent.swift; sourceTree = "<group>"; };
		3A4F3B5E369AA9FC39C2105B /* ExerciseTabView.swift */ = {isa = PBXFileReference; lastKnownFileType = sourcecode.swift; path = ExerciseTabView.swift; sourceTree = "<group>"; };
		4E1FFC33BB00A2D3BB543057 /* ConcurrencyWorkshop.app */ = {isa = PBXFileReference; explicitFileType = wrapper.application; includeInIndex = 0; path = ConcurrencyWorkshop.app; sourceTree = BUILT_PRODUCTS_DIR; };
		6097936B494F3DA281389029 /* QASection.swift */ = {isa = PBXFileReference; lastKnownFileType = sourcecode.swift; path = QASection.swift; sourceTree = "<group>"; };
		62B054EACE9A1BC407CBA193 /* SendableView.swift */ = {isa = PBXFileReference; lastKnownFileType = sourcecode.swift; path = SendableView.swift; sourceTree = "<group>"; };
		638AF248BA1223CD912EB9D4 /* CombiningPublishersView.swift */ = {isa = PBXFileReference; lastKnownFileType = sourcecode.swift; path = CombiningPublishersView.swift; sourceTree = "<group>"; };
		667287578B31AC501787FE3D /* ConcurrencyWorkshopApp.swift */ = {isa = PBXFileReference; lastKnownFileType = sourcecode.swift; path = ConcurrencyWorkshopApp.swift; sourceTree = "<group>"; };
		6E77177E7ED53565AF55E3E8 /* ContinuationsContent.swift */ = {isa = PBXFileReference; lastKnownFileType = sourcecode.swift; path = ContinuationsContent.swift; sourceTree = "<group>"; };
		7800E4020D4FB4D90CF1ED02 /* CodeViewer.swift */ = {isa = PBXFileReference; lastKnownFileType = sourcecode.swift; path = CodeViewer.swift; sourceTree = "<group>"; };
		7B41E0ED7F09C32A26A6AB62 /* AsyncStreamView.swift */ = {isa = PBXFileReference; lastKnownFileType = sourcecode.swift; path = AsyncStreamView.swift; sourceTree = "<group>"; };
		AFA00ED2C4B9888FE29D072F /* ContentView.swift */ = {isa = PBXFileReference; lastKnownFileType = sourcecode.swift; path = ContentView.swift; sourceTree = "<group>"; };
		BCF1AB5E45123B2B8C58B3DE /* CombiningPublishersContent.swift */ = {isa = PBXFileReference; lastKnownFileType = sourcecode.swift; path = CombiningPublishersContent.swift; sourceTree = "<group>"; };
		CF5B65A39DB4D7BD4EE629A7 /* ContinuationsView.swift */ = {isa = PBXFileReference; lastKnownFileType = sourcecode.swift; path = ContinuationsView.swift; sourceTree = "<group>"; };
		DDA66194364149D8DFEF06B8 /* SendableContent.swift */ = {isa = PBXFileReference; lastKnownFileType = sourcecode.swift; path = SendableContent.swift; sourceTree = "<group>"; };
		E53779F7CD0ACC170B09E3C5 /* AsyncStreamContent.swift */ = {isa = PBXFileReference; lastKnownFileType = sourcecode.swift; path = AsyncStreamContent.swift; sourceTree = "<group>"; };
		EA0458E7C890CF98328C5EAF /* TransformingStreamsView.swift */ = {isa = PBXFileReference; lastKnownFileType = sourcecode.swift; path = TransformingStreamsView.swift; sourceTree = "<group>"; };
		F3292B09E13435DC100A8E0C /* BridgingDelegatesContent.swift */ = {isa = PBXFileReference; lastKnownFileType = sourcecode.swift; path = BridgingDelegatesContent.swift; sourceTree = "<group>"; };
/* End PBXFileReference section */

/* Begin PBXGroup section */
		09C96B3621A03A12217976DC /* Continuations */ = {
			isa = PBXGroup;
			children = (
				CF5B65A39DB4D7BD4EE629A7 /* ContinuationsView.swift */,
			);
			path = Continuations;
			sourceTree = "<group>";
		};
		4751ADD2C48BB754C54C0EB4 /* ConcurrencyWorkshop */ = {
			isa = PBXGroup;
			children = (
				153E464380EBE11FD464FB8E /* Assets.xcassets */,
				667287578B31AC501787FE3D /* ConcurrencyWorkshopApp.swift */,
				AFA00ED2C4B9888FE29D072F /* ContentView.swift */,
				DFD23C58F94B884B59BF8BBA /* ModuleContent */,
				CC129C6D1CC21B350043C8F6 /* Modules */,
				A9EB128F62BC376BC98AADD8 /* Shared */,
			);
			path = ConcurrencyWorkshop;
			sourceTree = "<group>";
		};
		5AA59F23BCAEB206DC5B902D = {
			isa = PBXGroup;
			children = (
				4751ADD2C48BB754C54C0EB4 /* ConcurrencyWorkshop */,
				E4DB43807EC15F1B37530699 /* Products */,
			);
			sourceTree = "<group>";
		};
		66DD4B5881ED81614AE0E020 /* MainActor */ = {
			isa = PBXGroup;
			children = (
				30228AABDFA5B71DAE57F23C /* MainActorPatternsView.swift */,
			);
			path = MainActor;
			sourceTree = "<group>";
		};
		A9EB128F62BC376BC98AADD8 /* Shared */ = {
			isa = PBXGroup;
			children = (
				7800E4020D4FB4D90CF1ED02 /* CodeViewer.swift */,
				3A4F3B5E369AA9FC39C2105B /* ExerciseTabView.swift */,
				6097936B494F3DA281389029 /* QASection.swift */,
			);
			path = Shared;
			sourceTree = "<group>";
		};
		CC129C6D1CC21B350043C8F6 /* Modules */ = {
			isa = PBXGroup;
			children = (
				FDE818754817035ADACB6B97 /* AsyncSequences */,
				DECA740A3748C033C1905938 /* CombineOperators */,
				09C96B3621A03A12217976DC /* Continuations */,
				66DD4B5881ED81614AE0E020 /* MainActor */,
				F933D8E641835223E270F508 /* Sendable */,
			);
			path = Modules;
			sourceTree = "<group>";
		};
		DECA740A3748C033C1905938 /* CombineOperators */ = {
			isa = PBXGroup;
			children = (
				638AF248BA1223CD912EB9D4 /* CombiningPublishersView.swift */,
				EA0458E7C890CF98328C5EAF /* TransformingStreamsView.swift */,
			);
			path = CombineOperators;
			sourceTree = "<group>";
		};
		DFD23C58F94B884B59BF8BBA /* ModuleContent */ = {
			isa = PBXGroup;
			children = (
				E53779F7CD0ACC170B09E3C5 /* AsyncStreamContent.swift */,
				F3292B09E13435DC100A8E0C /* BridgingDelegatesContent.swift */,
				BCF1AB5E45123B2B8C58B3DE /* CombiningPublishersContent.swift */,
				0609FB91224AFF92A5A97838 /* ConsumingAsyncSequenceContent.swift */,
				6E77177E7ED53565AF55E3E8 /* ContinuationsContent.swift */,
				363126520569C58AC79B4AE2 /* MainActorPatternsContent.swift */,
				DDA66194364149D8DFEF06B8 /* SendableContent.swift */,
				20F2AE3BFBB71F6442AABF49 /* TransformingStreamsContent.swift */,
			);
			path = ModuleContent;
			sourceTree = "<group>";
		};
		E4DB43807EC15F1B37530699 /* Products */ = {
			isa = PBXGroup;
			children = (
				4E1FFC33BB00A2D3BB543057 /* ConcurrencyWorkshop.app */,
			);
			name = Products;
			sourceTree = "<group>";
		};
		F933D8E641835223E270F508 /* Sendable */ = {
			isa = PBXGroup;
			children = (
				62B054EACE9A1BC407CBA193 /* SendableView.swift */,
			);
			path = Sendable;
			sourceTree = "<group>";
		};
		FDE818754817035ADACB6B97 /* AsyncSequences */ = {
			isa = PBXGroup;
			children = (
				7B41E0ED7F09C32A26A6AB62 /* AsyncStreamView.swift */,
				00E036D8916A31517E6A8F61 /* BridgingDelegatesView.swift */,
				048AF161B74874A10D4B4B3D /* ConsumingAsyncSequenceView.swift */,
			);
			path = AsyncSequences;
			sourceTree = "<group>";
		};
/* End PBXGroup section */

/* Begin PBXNativeTarget section */
		905C4692B3338C70650D468A /* ConcurrencyWorkshop */ = {
			isa = PBXNativeTarget;
			buildConfigurationList = FF96CD4BAA382F9587EE2258 /* Build configuration list for PBXNativeTarget "ConcurrencyWorkshop" */;
			buildPhases = (
				EEBDF8ADA61BB86CC3974389 /* Sources */,
				074989FDD0C28A8E0921D988 /* Resources */,
			);
			buildRules = (
			);
			dependencies = (
			);
			name = ConcurrencyWorkshop;
			packageProductDependencies = (
			);
			productName = ConcurrencyWorkshop;
			productReference = 4E1FFC33BB00A2D3BB543057 /* ConcurrencyWorkshop.app */;
			productType = "com.apple.product-type.application";
		};
/* End PBXNativeTarget section */

/* Begin PBXProject section */
		F27E3F83CD74CAD4780DAB71 /* Project object */ = {
			isa = PBXProject;
			attributes = {
				BuildIndependentTargetsInParallel = YES;
				LastUpgradeCheck = 1500;
			};
			buildConfigurationList = 7BA81A7B89F52FEB7FEE6AD0 /* Build configuration list for PBXProject "ConcurrencyWorkshop" */;
			compatibilityVersion = "Xcode 14.0";
			developmentRegion = en;
			hasScannedForEncodings = 0;
			knownRegions = (
				Base,
				en,
			);
			mainGroup = 5AA59F23BCAEB206DC5B902D;
			minimizedProjectReferenceProxies = 1;
			projectDirPath = "";
			projectRoot = "";
			targets = (
				905C4692B3338C70650D468A /* ConcurrencyWorkshop */,
			);
		};
/* End PBXProject section */

/* Begin PBXResourcesBuildPhase section */
		074989FDD0C28A8E0921D988 /* Resources */ = {
			isa = PBXResourcesBuildPhase;
			buildActionMask = 2147483647;
			files = (
				6BB4DD84602450EBC1D51EBC /* Assets.xcassets in Resources */,
			);
			runOnlyForDeploymentPostprocessing = 0;
		};
/* End PBXResourcesBuildPhase section */

/* Begin PBXSourcesBuildPhase section */
		EEBDF8ADA61BB86CC3974389 /* Sources */ = {
			isa = PBXSourcesBuildPhase;
			buildActionMask = 2147483647;
			files = (
				0C93115DDC46A4726CAA9F16 /* AsyncStreamContent.swift in Sources */,
				516EA67103629748AFB8598E /* AsyncStreamView.swift in Sources */,
				555CED0CC7F3CD6850C48E77 /* BridgingDelegatesContent.swift in Sources */,
				75094EB1716B021995928DAE /* BridgingDelegatesView.swift in Sources */,
				039A564D39FDA29ACEC239E0 /* CodeViewer.swift in Sources */,
				3C978B95400E92B99DB393F4 /* CombiningPublishersContent.swift in Sources */,
				6C7E441C4D597A7F450D149A /* CombiningPublishersView.swift in Sources */,
				04946482ACC7800FC2603065 /* ConcurrencyWorkshopApp.swift in Sources */,
				7EED300B6B1C7876660E6B01 /* ConsumingAsyncSequenceContent.swift in Sources */,
				FF57902128C050E84415F205 /* ConsumingAsyncSequenceView.swift in Sources */,
				AE23AEE49E0FB4594B94A958 /* ContentView.swift in Sources */,
				76969F91A14028FFF2853BB1 /* ContinuationsContent.swift in Sources */,
				CC7DC6ED3D652C4A03A38D44 /* ContinuationsView.swift in Sources */,
				C7B4E2DC83EB05F453BB95FC /* ExerciseTabView.swift in Sources */,
				34AAF4698F62CEB3B084ED55 /* MainActorPatternsContent.swift in Sources */,
				78360DD0E9BC6D8C5D825098 /* MainActorPatternsView.swift in Sources */,
				ED4E83DF4948E8ADCBB2D8B2 /* QASection.swift in Sources */,
				EAF78D61E3A86629DA08135F /* SendableContent.swift in Sources */,
				76F3B16025BD6A6E84FA7E2E /* SendableView.swift in Sources */,
				114923C9E1BF5E70ED23FF84 /* TransformingStreamsContent.swift in Sources */,
				AA1BF44987CC1654E969B00C /* TransformingStreamsView.swift in Sources */,
			);
			runOnlyForDeploymentPostprocessing = 0;
		};
/* End PBXSourcesBuildPhase section */

/* Begin XCBuildConfiguration section */
		51F874F39B806BE200357C4A /* Release */ = {
			isa = XCBuildConfiguration;
			buildSettings = {
				ALWAYS_SEARCH_USER_PATHS = NO;
				CLANG_ANALYZER_NONNULL = YES;
				CLANG_ANALYZER_NUMBER_OBJECT_CONVERSION = YES_AGGRESSIVE;
				CLANG_CXX_LANGUAGE_STANDARD = "gnu++14";
				CLANG_CXX_LIBRARY = "libc++";
				CLANG_ENABLE_MODULES = YES;
				CLANG_ENABLE_OBJC_ARC = YES;
				CLANG_ENABLE_OBJC_WEAK = YES;
				CLANG_WARN_BLOCK_CAPTURE_AUTORELEASING = YES;
				CLANG_WARN_BOOL_CONVERSION = YES;
				CLANG_WARN_COMMA = YES;
				CLANG_WARN_CONSTANT_CONVERSION = YES;
				CLANG_WARN_DEPRECATED_OBJC_IMPLEMENTATIONS = YES;
				CLANG_WARN_DIRECT_OBJC_ISA_USAGE = YES_ERROR;
				CLANG_WARN_DOCUMENTATION_COMMENTS = YES;
				CLANG_WARN_EMPTY_BODY = YES;
				CLANG_WARN_ENUM_CONVERSION = YES;
				CLANG_WARN_INFINITE_RECURSION = YES;
				CLANG_WARN_INT_CONVERSION = YES;
				CLANG_WARN_NON_LITERAL_NULL_CONVERSION = YES;
				CLANG_WARN_OBJC_IMPLICIT_RETAIN_SELF = YES;
				CLANG_WARN_OBJC_LITERAL_CONVERSION = YES;
				CLANG_WARN_OBJC_ROOT_CLASS = YES_ERROR;
				CLANG_WARN_QUOTED_INCLUDE_IN_FRAMEWORK_HEADER = YES;
				CLANG_WARN_RANGE_LOOP_ANALYSIS = YES;
				CLANG_WARN_STRICT_PROTOTYPES = YES;
				CLANG_WARN_SUSPICIOUS_MOVE = YES;
				CLANG_WARN_UNGUARDED_AVAILABILITY = YES_AGGRESSIVE;
				CLANG_WARN_UNREACHABLE_CODE = YES;
				CLANG_WARN__DUPLICATE_METHOD_MATCH = YES;
				COPY_PHASE_STRIP = NO;
				DEBUG_INFORMATION_FORMAT = "dwarf-with-dsym";
				ENABLE_NS_ASSERTIONS = NO;
				ENABLE_STRICT_OBJC_MSGSEND = YES;
				GCC_C_LANGUAGE_STANDARD = gnu11;
				GCC_NO_COMMON_BLOCKS = YES;
				GCC_WARN_64_TO_32_BIT_CONVERSION = YES;
				GCC_WARN_ABOUT_RETURN_TYPE = YES_ERROR;
				GCC_WARN_UNDECLARED_SELECTOR = YES;
				GCC_WARN_UNINITIALIZED_AUTOS = YES_AGGRESSIVE;
				GCC_WARN_UNUSED_FUNCTION = YES;
				GCC_WARN_UNUSED_VARIABLE = YES;
				IPHONEOS_DEPLOYMENT_TARGET = 17.0;
				MTL_ENABLE_DEBUG_INFO = NO;
				MTL_FAST_MATH = YES;
				PRODUCT_NAME = "$(TARGET_NAME)";
				SDKROOT = iphoneos;
				SWIFT_COMPILATION_MODE = wholemodule;
				SWIFT_OPTIMIZATION_LEVEL = "-O";
				SWIFT_VERSION = 5.0;
			};
			name = Release;
		};
		530C3C02F1FB7087D8B2EBCE /* Release */ = {
			isa = XCBuildConfiguration;
			buildSettings = {
				ASSETCATALOG_COMPILER_APPICON_NAME = AppIcon;
				CODE_SIGN_IDENTITY = "iPhone Developer";
				DEVELOPMENT_TEAM = 6W97WT4N63;
				GENERATE_INFOPLIST_FILE = YES;
				INFOPLIST_KEY_UIApplicationSceneManifest_Generation = YES;
				INFOPLIST_KEY_UIApplicationSupportsIndirectInputEvents = YES;
				INFOPLIST_KEY_UILaunchScreen_Generation = YES;
				INFOPLIST_KEY_UISupportedInterfaceOrientations_iPad = "UIInterfaceOrientationPortrait UIInterfaceOrientationPortraitUpsideDown UIInterfaceOrientationLandscapeLeft UIInterfaceOrientationLandscapeRight";
				INFOPLIST_KEY_UISupportedInterfaceOrientations_iPhone = "UIInterfaceOrientationPortrait UIInterfaceOrientationLandscapeLeft UIInterfaceOrientationLandscapeRight";
				LD_RUNPATH_SEARCH_PATHS = (
					"$(inherited)",
					"@executable_path/Frameworks",
				);
				PRODUCT_BUNDLE_IDENTIFIER = com.deadpixel.ConcurrencyWorkshop;
				PRODUCT_NAME = "$(TARGET_NAME)";
				SDKROOT = iphoneos;
				SWIFT_EMIT_LOC_STRINGS = YES;
				SWIFT_VERSION = 5.0;
				TARGETED_DEVICE_FAMILY = "1,2";
			};
			name = Release;
		};
		8E486EF5106366FF22E4C89C /* Debug */ = {
			isa = XCBuildConfiguration;
			buildSettings = {
				ALWAYS_SEARCH_USER_PATHS = NO;
				CLANG_ANALYZER_NONNULL = YES;
				CLANG_ANALYZER_NUMBER_OBJECT_CONVERSION = YES_AGGRESSIVE;
				CLANG_CXX_LANGUAGE_STANDARD = "gnu++14";
				CLANG_CXX_LIBRARY = "libc++";
				CLANG_ENABLE_MODULES = YES;
				CLANG_ENABLE_OBJC_ARC = YES;
				CLANG_ENABLE_OBJC_WEAK = YES;
				CLANG_WARN_BLOCK_CAPTURE_AUTORELEASING = YES;
				CLANG_WARN_BOOL_CONVERSION = YES;
				CLANG_WARN_COMMA = YES;
				CLANG_WARN_CONSTANT_CONVERSION = YES;
				CLANG_WARN_DEPRECATED_OBJC_IMPLEMENTATIONS = YES;
				CLANG_WARN_DIRECT_OBJC_ISA_USAGE = YES_ERROR;
				CLANG_WARN_DOCUMENTATION_COMMENTS = YES;
				CLANG_WARN_EMPTY_BODY = YES;
				CLANG_WARN_ENUM_CONVERSION = YES;
				CLANG_WARN_INFINITE_RECURSION = YES;
				CLANG_WARN_INT_CONVERSION = YES;
				CLANG_WARN_NON_LITERAL_NULL_CONVERSION = YES;
				CLANG_WARN_OBJC_IMPLICIT_RETAIN_SELF = YES;
				CLANG_WARN_OBJC_LITERAL_CONVERSION = YES;
				CLANG_WARN_OBJC_ROOT_CLASS = YES_ERROR;
				CLANG_WARN_QUOTED_INCLUDE_IN_FRAMEWORK_HEADER = YES;
				CLANG_WARN_RANGE_LOOP_ANALYSIS = YES;
				CLANG_WARN_STRICT_PROTOTYPES = YES;
				CLANG_WARN_SUSPICIOUS_MOVE = YES;
				CLANG_WARN_UNGUARDED_AVAILABILITY = YES_AGGRESSIVE;
				CLANG_WARN_UNREACHABLE_CODE = YES;
				CLANG_WARN__DUPLICATE_METHOD_MATCH = YES;
				COPY_PHASE_STRIP = NO;
				DEBUG_INFORMATION_FORMAT = dwarf;
				ENABLE_STRICT_OBJC_MSGSEND = YES;
				ENABLE_TESTABILITY = YES;
				GCC_C_LANGUAGE_STANDARD = gnu11;
				GCC_DYNAMIC_NO_PIC = NO;
				GCC_NO_COMMON_BLOCKS = YES;
				GCC_OPTIMIZATION_LEVEL = 0;
				GCC_PREPROCESSOR_DEFINITIONS = (
					"$(inherited)",
					"DEBUG=1",
				);
				GCC_WARN_64_TO_32_BIT_CONVERSION = YES;
				GCC_WARN_ABOUT_RETURN_TYPE = YES_ERROR;
				GCC_WARN_UNDECLARED_SELECTOR = YES;
				GCC_WARN_UNINITIALIZED_AUTOS = YES_AGGRESSIVE;
				GCC_WARN_UNUSED_FUNCTION = YES;
				GCC_WARN_UNUSED_VARIABLE = YES;
				IPHONEOS_DEPLOYMENT_TARGET = 17.0;
				MTL_ENABLE_DEBUG_INFO = INCLUDE_SOURCE;
				MTL_FAST_MATH = YES;
				ONLY_ACTIVE_ARCH = YES;
				PRODUCT_NAME = "$(TARGET_NAME)";
				SDKROOT = iphoneos;
				SWIFT_ACTIVE_COMPILATION_CONDITIONS = DEBUG;
				SWIFT_OPTIMIZATION_LEVEL = "-Onone";
				SWIFT_VERSION = 5.0;
			};
			name = Debug;
		};
		98EBD719507AAC0B10FEA46E /* Debug */ = {
			isa = XCBuildConfiguration;
			buildSettings = {
				ASSETCATALOG_COMPILER_APPICON_NAME = AppIcon;
				CODE_SIGN_IDENTITY = "iPhone Developer";
				DEVELOPMENT_TEAM = 6W97WT4N63;
				GENERATE_INFOPLIST_FILE = YES;
				INFOPLIST_KEY_UIApplicationSceneManifest_Generation = YES;
				INFOPLIST_KEY_UIApplicationSupportsIndirectInputEvents = YES;
				INFOPLIST_KEY_UILaunchScreen_Generation = YES;
				INFOPLIST_KEY_UISupportedInterfaceOrientations_iPad = "UIInterfaceOrientationPortrait UIInterfaceOrientationPortraitUpsideDown UIInterfaceOrientationLandscapeLeft UIInterfaceOrientationLandscapeRight";
				INFOPLIST_KEY_UISupportedInterfaceOrientations_iPhone = "UIInterfaceOrientationPortrait UIInterfaceOrientationLandscapeLeft UIInterfaceOrientationLandscapeRight";
				LD_RUNPATH_SEARCH_PATHS = (
					"$(inherited)",
					"@executable_path/Frameworks",
				);
				PRODUCT_BUNDLE_IDENTIFIER = com.deadpixel.ConcurrencyWorkshop;
				PRODUCT_NAME = "$(TARGET_NAME)";
				SDKROOT = iphoneos;
				SWIFT_EMIT_LOC_STRINGS = YES;
				SWIFT_VERSION = 5.0;
				TARGETED_DEVICE_FAMILY = "1,2";
			};
			name = Debug;
		};
/* End XCBuildConfiguration section */

/* Begin XCConfigurationList section */
		7BA81A7B89F52FEB7FEE6AD0 /* Build configuration list for PBXProject "ConcurrencyWorkshop" */ = {
			isa = XCConfigurationList;
			buildConfigurations = (
				8E486EF5106366FF22E4C89C /* Debug */,
				51F874F39B806BE200357C4A /* Release */,
			);
			defaultConfigurationIsVisible = 0;
			defaultConfigurationName = Debug;
		};
		FF96CD4BAA382F9587EE2258 /* Build configuration list for PBXNativeTarget "ConcurrencyWorkshop" */ = {
			isa = XCConfigurationList;
			buildConfigurations = (
				98EBD719507AAC0B10FEA46E /* Debug */,
				530C3C02F1FB7087D8B2EBCE /* Release */,
			);
			defaultConfigurationIsVisible = 0;
			defaultConfigurationName = Debug;
		};
/* End XCConfigurationList section */
	};
	rootObject = F27E3F83CD74CAD4780DAB71 /* Project object */;
}
